
Microsoft Visual Studio Solution File, Format Version 12.00
# Visual Studio Version 16
VisualStudioVersion = 16.0.31729.503
MinimumVisualStudioVersion = 10.0.40219.1
Project("{FAE04EC0-301F-11D3-BF4B-00C04F79EFBC}") = "Problema2", "Problema2\Problema2.csproj", "{0650E239-69CB-42CB-A9AA-5470BF587795}"
EndProject
Global
	GlobalSection(SolutionConfigurationPlatforms) = preSolution
		Debug|Any CPU = Debug|Any CPU
		Release|Any CPU = Release|Any CPU
	EndGlobalSection
	GlobalSection(ProjectConfigurationPlatforms) = postSolution
		{0650E239-69CB-42CB-A9AA-5470BF587795}.Debug|Any CPU.ActiveCfg = Debug|Any CPU
		{0650E239-69CB-42CB-A9AA-5470BF587795}.Debug|Any CPU.Build.0 = Debug|Any CPU
		{0650E239-69CB-42CB-A9AA-5470BF587795}.Release|Any CPU.ActiveCfg = Release|Any CPU
		{0650E239-69CB-42CB-A9AA-5470BF587795}.Release|Any CPU.Build.0 = Release|Any CPU
	EndGlobalSection
	GlobalSection(SolutionProperties) = preSolution
		HideSolutionNode = FALSE
	EndGlobalSection
	GlobalSection(ExtensibilityGlobals) = postSolution
		SolutionGuid = {4E258EAD-3D9A-41F0-854C-8879C579CD44}
	EndGlobalSection
EndGlobal
