
Microsoft Visual Studio Solution File, Format Version 12.00
# Visual Studio Version 16
VisualStudioVersion = 16.0.31729.503
MinimumVisualStudioVersion = 10.0.40219.1
Project("{FAE04EC0-301F-11D3-BF4B-00C04F79EFBC}") = "Problema11", "Problema11\Problema11.csproj", "{28BCFF52-29CC-4C34-9EE0-ED3DFFD5975E}"
EndProject
Global
	GlobalSection(SolutionConfigurationPlatforms) = preSolution
		Debug|Any CPU = Debug|Any CPU
		Release|Any CPU = Release|Any CPU
	EndGlobalSection
	GlobalSection(ProjectConfigurationPlatforms) = postSolution
		{28BCFF52-29CC-4C34-9EE0-ED3DFFD5975E}.Debug|Any CPU.ActiveCfg = Debug|Any CPU
		{28BCFF52-29CC-4C34-9EE0-ED3DFFD5975E}.Debug|Any CPU.Build.0 = Debug|Any CPU
		{28BCFF52-29CC-4C34-9EE0-ED3DFFD5975E}.Release|Any CPU.ActiveCfg = Release|Any CPU
		{28BCFF52-29CC-4C34-9EE0-ED3DFFD5975E}.Release|Any CPU.Build.0 = Release|Any CPU
	EndGlobalSection
	GlobalSection(SolutionProperties) = preSolution
		HideSolutionNode = FALSE
	EndGlobalSection
	GlobalSection(ExtensibilityGlobals) = postSolution
		SolutionGuid = {DD1952EC-224C-4322-80D8-0B526CBF1929}
	EndGlobalSection
EndGlobal
