
Microsoft Visual Studio Solution File, Format Version 12.00
# Visual Studio Version 16
VisualStudioVersion = 16.0.31729.503
MinimumVisualStudioVersion = 10.0.40219.1
Project("{FAE04EC0-301F-11D3-BF4B-00C04F79EFBC}") = "Probelma1", "Probelma1\Probelma1.csproj", "{3238D16D-6ECC-4234-96D8-1E2FEF373724}"
EndProject
Global
	GlobalSection(SolutionConfigurationPlatforms) = preSolution
		Debug|Any CPU = Debug|Any CPU
		Release|Any CPU = Release|Any CPU
	EndGlobalSection
	GlobalSection(ProjectConfigurationPlatforms) = postSolution
		{3238D16D-6ECC-4234-96D8-1E2FEF373724}.Debug|Any CPU.ActiveCfg = Debug|Any CPU
		{3238D16D-6ECC-4234-96D8-1E2FEF373724}.Debug|Any CPU.Build.0 = Debug|Any CPU
		{3238D16D-6ECC-4234-96D8-1E2FEF373724}.Release|Any CPU.ActiveCfg = Release|Any CPU
		{3238D16D-6ECC-4234-96D8-1E2FEF373724}.Release|Any CPU.Build.0 = Release|Any CPU
	EndGlobalSection
	GlobalSection(SolutionProperties) = preSolution
		HideSolutionNode = FALSE
	EndGlobalSection
	GlobalSection(ExtensibilityGlobals) = postSolution
		SolutionGuid = {982083A0-58C1-4B9F-A653-07AC44A79260}
	EndGlobalSection
EndGlobal
