
Microsoft Visual Studio Solution File, Format Version 12.00
# Visual Studio Version 16
VisualStudioVersion = 16.0.31729.503
MinimumVisualStudioVersion = 10.0.40219.1
Project("{FAE04EC0-301F-11D3-BF4B-00C04F79EFBC}") = "Problema25", "Problema25\Problema25.csproj", "{F2AD3761-506B-4601-A62E-E6D6CE590114}"
EndProject
Global
	GlobalSection(SolutionConfigurationPlatforms) = preSolution
		Debug|Any CPU = Debug|Any CPU
		Release|Any CPU = Release|Any CPU
	EndGlobalSection
	GlobalSection(ProjectConfigurationPlatforms) = postSolution
		{F2AD3761-506B-4601-A62E-E6D6CE590114}.Debug|Any CPU.ActiveCfg = Debug|Any CPU
		{F2AD3761-506B-4601-A62E-E6D6CE590114}.Debug|Any CPU.Build.0 = Debug|Any CPU
		{F2AD3761-506B-4601-A62E-E6D6CE590114}.Release|Any CPU.ActiveCfg = Release|Any CPU
		{F2AD3761-506B-4601-A62E-E6D6CE590114}.Release|Any CPU.Build.0 = Release|Any CPU
	EndGlobalSection
	GlobalSection(SolutionProperties) = preSolution
		HideSolutionNode = FALSE
	EndGlobalSection
	GlobalSection(ExtensibilityGlobals) = postSolution
		SolutionGuid = {762E5288-7889-4245-930E-CCEE7ED42F69}
	EndGlobalSection
EndGlobal
